
Microsoft Visual Studio Solution File, Format Version 12.00
# Visual Studio Version 17
VisualStudioVersion = 17.5.33516.290
MinimumVisualStudioVersion = 10.0.40219.1
Project("{2150E333-8FDC-42A3-9474-1A3956D46DE8}") = "Frameworks", "Frameworks", "{D0D1C930-8E36-4F86-996F-97DB65799F94}"
EndProject
Project("{2150E333-8FDC-42A3-9474-1A3956D46DE8}") = "Gateway", "Gateway", "{C729090B-F93C-423A-8C5B-B1BC913E1A8D}"
EndProject
Project("{2150E333-8FDC-42A3-9474-1A3956D46DE8}") = "Services", "Services", "{FF019B49-E739-4AA5-BC6F-8E8457103687}"
EndProject
Project("{9A19103F-16F7-4668-BE54-9A1E7A4F7556}") = "Framework.Core", "Framework.Core\Framework.Core.csproj", "{004A1E98-0D1D-4034-9769-1411835E3DDF}"
EndProject
Project("{9A19103F-16F7-4668-BE54-9A1E7A4F7556}") = "Framework.Auth", "Framework.Auth\Framework.Auth.csproj", "{74D3EDD2-4F17-4527-A23D-54A6E15CAFFD}"
EndProject
Project("{9A19103F-16F7-4668-BE54-9A1E7A4F7556}") = "Framework.Kafka", "Framework.Kafka\Framework.Kafka.csproj", "{878111AA-9E7A-4E89-BBF4-7EB800F68E28}"
EndProject
Project("{2150E333-8FDC-42A3-9474-1A3956D46DE8}") = "User", "User", "{96A6CFF5-9563-4664-89FD-FAD9BC7A2722}"
EndProject
Project("{9A19103F-16F7-4668-BE54-9A1E7A4F7556}") = "User.Domain", "User.Domain\User.Domain.csproj", "{DB4E42B8-6139-49B9-90D9-8ED4B7896631}"
EndProject
Project("{9A19103F-16F7-4668-BE54-9A1E7A4F7556}") = "User.GraphQL", "User.GraphQL\User.GraphQL.csproj", "{46B51A55-5B5C-492B-A1A8-E0C6D818DC9A}"
EndProject
Project("{E53339B2-1760-4266-BCC7-CA923CBCF16C}") = "docker-compose", "docker-compose.dcproj", "{F5F55DD7-B9A7-4B9E-9140-D0CE0505871C}"
EndProject
Project("{2150E333-8FDC-42A3-9474-1A3956D46DE8}") = "Store", "Store", "{D16ED7D2-6CF7-4BA6-930A-35FCC71A7AEB}"
EndProject
Project("{2150E333-8FDC-42A3-9474-1A3956D46DE8}") = "Payment", "Payment", "{CA2B2A2D-6EC8-44E3-A1B1-C2BFF4E34242}"
EndProject
Project("{2150E333-8FDC-42A3-9474-1A3956D46DE8}") = "Order", "Order", "{D284542E-D76D-4B95-A13A-B3AE7D001F6E}"
EndProject
Project("{2150E333-8FDC-42A3-9474-1A3956D46DE8}") = "LookUp", "LookUp", "{4B5465DF-176F-488C-AE26-B8DB9A614B24}"
EndProject
Project("{9A19103F-16F7-4668-BE54-9A1E7A4F7556}") = "LookUp.Domain", "LookUp.Domain\LookUp.Domain.csproj", "{452943F8-4260-411E-988E-C533CF14016C}"
EndProject
Project("{9A19103F-16F7-4668-BE54-9A1E7A4F7556}") = "Lookup.GraphQL", "Lookup.GraphQL\Lookup.GraphQL.csproj", "{2908EBE1-1036-4468-83EF-7CD8DDACAE6C}"
EndProject
Project("{9A19103F-16F7-4668-BE54-9A1E7A4F7556}") = "Store.Domain", "Store\Store.Domain\Store.Domain.csproj", "{B89834E0-DF1C-4812-A721-4FD87B01475C}"
EndProject
Project("{9A19103F-16F7-4668-BE54-9A1E7A4F7556}") = "Order.Domain", "Order\Order.Domain\Order.Domain.csproj", "{6ACA8EBB-6C8A-401E-B53E-B139AFA083B4}"
EndProject
Project("{9A19103F-16F7-4668-BE54-9A1E7A4F7556}") = "Payment.Domain", "Payment\Payment.Domain\Payment.Domain.csproj", "{3653B4AA-3B42-4ADC-8483-B1D6C66020F2}"
EndProject
Project("{9A19103F-16F7-4668-BE54-9A1E7A4F7556}") = "LookUp.Test", "LookUp.Test\LookUp.Test.csproj", "{89627166-7740-4FDB-A20A-A0D87DBFAB1B}"
EndProject
Project("{9A19103F-16F7-4668-BE54-9A1E7A4F7556}") = "Gateway.GraphQL", "Gateway.GraphQL\Gateway.GraphQL.csproj", "{93A40109-DBD8-49DE-B862-12A1F2DDD215}"
EndProject
Project("{9A19103F-16F7-4668-BE54-9A1E7A4F7556}") = "Order.GraphQL", "Order\Order.GraphQL\Order.GraphQL.csproj", "{B17FEC79-5516-4ACB-9872-F05EBB5A435F}"
EndProject
Project("{9A19103F-16F7-4668-BE54-9A1E7A4F7556}") = "Payment.GraphQL", "Payment\Payment.GraphQL\Payment.GraphQL.csproj", "{9AB5ED55-C129-4552-9CED-5D7BB567607C}"
EndProject
Project("{9A19103F-16F7-4668-BE54-9A1E7A4F7556}") = "Store.GraphQL", "Store\Store.GraphQL\Store.GraphQL.csproj", "{4BD2E1FF-C1D8-4234-8A60-7905B7A6B2A6}"
EndProject
Global
	GlobalSection(SolutionConfigurationPlatforms) = preSolution
		Debug|Any CPU = Debug|Any CPU
		Debug|x64 = Debug|x64
		Release|Any CPU = Release|Any CPU
		Release|x64 = Release|x64
	EndGlobalSection
	GlobalSection(ProjectConfigurationPlatforms) = postSolution
		{004A1E98-0D1D-4034-9769-1411835E3DDF}.Debug|Any CPU.ActiveCfg = Debug|Any CPU
		{004A1E98-0D1D-4034-9769-1411835E3DDF}.Debug|Any CPU.Build.0 = Debug|Any CPU
		{004A1E98-0D1D-4034-9769-1411835E3DDF}.Debug|x64.ActiveCfg = Debug|Any CPU
		{004A1E98-0D1D-4034-9769-1411835E3DDF}.Debug|x64.Build.0 = Debug|Any CPU
		{004A1E98-0D1D-4034-9769-1411835E3DDF}.Release|Any CPU.ActiveCfg = Release|Any CPU
		{004A1E98-0D1D-4034-9769-1411835E3DDF}.Release|Any CPU.Build.0 = Release|Any CPU
		{004A1E98-0D1D-4034-9769-1411835E3DDF}.Release|x64.ActiveCfg = Release|Any CPU
		{004A1E98-0D1D-4034-9769-1411835E3DDF}.Release|x64.Build.0 = Release|Any CPU
		{74D3EDD2-4F17-4527-A23D-54A6E15CAFFD}.Debug|Any CPU.ActiveCfg = Debug|Any CPU
		{74D3EDD2-4F17-4527-A23D-54A6E15CAFFD}.Debug|Any CPU.Build.0 = Debug|Any CPU
		{74D3EDD2-4F17-4527-A23D-54A6E15CAFFD}.Debug|x64.ActiveCfg = Debug|Any CPU
		{74D3EDD2-4F17-4527-A23D-54A6E15CAFFD}.Debug|x64.Build.0 = Debug|Any CPU
		{74D3EDD2-4F17-4527-A23D-54A6E15CAFFD}.Release|Any CPU.ActiveCfg = Release|Any CPU
		{74D3EDD2-4F17-4527-A23D-54A6E15CAFFD}.Release|Any CPU.Build.0 = Release|Any CPU
		{74D3EDD2-4F17-4527-A23D-54A6E15CAFFD}.Release|x64.ActiveCfg = Release|Any CPU
		{74D3EDD2-4F17-4527-A23D-54A6E15CAFFD}.Release|x64.Build.0 = Release|Any CPU
		{878111AA-9E7A-4E89-BBF4-7EB800F68E28}.Debug|Any CPU.ActiveCfg = Debug|Any CPU
		{878111AA-9E7A-4E89-BBF4-7EB800F68E28}.Debug|Any CPU.Build.0 = Debug|Any CPU
		{878111AA-9E7A-4E89-BBF4-7EB800F68E28}.Debug|x64.ActiveCfg = Debug|Any CPU
		{878111AA-9E7A-4E89-BBF4-7EB800F68E28}.Debug|x64.Build.0 = Debug|Any CPU
		{878111AA-9E7A-4E89-BBF4-7EB800F68E28}.Release|Any CPU.ActiveCfg = Release|Any CPU
		{878111AA-9E7A-4E89-BBF4-7EB800F68E28}.Release|Any CPU.Build.0 = Release|Any CPU
		{878111AA-9E7A-4E89-BBF4-7EB800F68E28}.Release|x64.ActiveCfg = Release|Any CPU
		{878111AA-9E7A-4E89-BBF4-7EB800F68E28}.Release|x64.Build.0 = Release|Any CPU
		{DB4E42B8-6139-49B9-90D9-8ED4B7896631}.Debug|Any CPU.ActiveCfg = Debug|Any CPU
		{DB4E42B8-6139-49B9-90D9-8ED4B7896631}.Debug|Any CPU.Build.0 = Debug|Any CPU
		{DB4E42B8-6139-49B9-90D9-8ED4B7896631}.Debug|x64.ActiveCfg = Debug|Any CPU
		{DB4E42B8-6139-49B9-90D9-8ED4B7896631}.Debug|x64.Build.0 = Debug|Any CPU
		{DB4E42B8-6139-49B9-90D9-8ED4B7896631}.Release|Any CPU.ActiveCfg = Release|Any CPU
		{DB4E42B8-6139-49B9-90D9-8ED4B7896631}.Release|Any CPU.Build.0 = Release|Any CPU
		{DB4E42B8-6139-49B9-90D9-8ED4B7896631}.Release|x64.ActiveCfg = Release|Any CPU
		{DB4E42B8-6139-49B9-90D9-8ED4B7896631}.Release|x64.Build.0 = Release|Any CPU
		{46B51A55-5B5C-492B-A1A8-E0C6D818DC9A}.Debug|Any CPU.ActiveCfg = Debug|Any CPU
		{46B51A55-5B5C-492B-A1A8-E0C6D818DC9A}.Debug|Any CPU.Build.0 = Debug|Any CPU
		{46B51A55-5B5C-492B-A1A8-E0C6D818DC9A}.Debug|x64.ActiveCfg = Debug|Any CPU
		{46B51A55-5B5C-492B-A1A8-E0C6D818DC9A}.Debug|x64.Build.0 = Debug|Any CPU
		{46B51A55-5B5C-492B-A1A8-E0C6D818DC9A}.Release|Any CPU.ActiveCfg = Release|Any CPU
		{46B51A55-5B5C-492B-A1A8-E0C6D818DC9A}.Release|Any CPU.Build.0 = Release|Any CPU
		{46B51A55-5B5C-492B-A1A8-E0C6D818DC9A}.Release|x64.ActiveCfg = Release|Any CPU
		{46B51A55-5B5C-492B-A1A8-E0C6D818DC9A}.Release|x64.Build.0 = Release|Any CPU
		{F5F55DD7-B9A7-4B9E-9140-D0CE0505871C}.Debug|Any CPU.ActiveCfg = Debug|Any CPU
		{F5F55DD7-B9A7-4B9E-9140-D0CE0505871C}.Debug|Any CPU.Build.0 = Debug|Any CPU
		{F5F55DD7-B9A7-4B9E-9140-D0CE0505871C}.Debug|x64.ActiveCfg = Debug|Any CPU
		{F5F55DD7-B9A7-4B9E-9140-D0CE0505871C}.Debug|x64.Build.0 = Debug|Any CPU
		{F5F55DD7-B9A7-4B9E-9140-D0CE0505871C}.Release|Any CPU.ActiveCfg = Release|Any CPU
		{F5F55DD7-B9A7-4B9E-9140-D0CE0505871C}.Release|Any CPU.Build.0 = Release|Any CPU
		{F5F55DD7-B9A7-4B9E-9140-D0CE0505871C}.Release|x64.ActiveCfg = Release|Any CPU
		{F5F55DD7-B9A7-4B9E-9140-D0CE0505871C}.Release|x64.Build.0 = Release|Any CPU
		{452943F8-4260-411E-988E-C533CF14016C}.Debug|Any CPU.ActiveCfg = Debug|Any CPU
		{452943F8-4260-411E-988E-C533CF14016C}.Debug|Any CPU.Build.0 = Debug|Any CPU
		{452943F8-4260-411E-988E-C533CF14016C}.Debug|x64.ActiveCfg = Debug|Any CPU
		{452943F8-4260-411E-988E-C533CF14016C}.Debug|x64.Build.0 = Debug|Any CPU
		{452943F8-4260-411E-988E-C533CF14016C}.Release|Any CPU.ActiveCfg = Release|Any CPU
		{452943F8-4260-411E-988E-C533CF14016C}.Release|Any CPU.Build.0 = Release|Any CPU
		{452943F8-4260-411E-988E-C533CF14016C}.Release|x64.ActiveCfg = Release|Any CPU
		{452943F8-4260-411E-988E-C533CF14016C}.Release|x64.Build.0 = Release|Any CPU
		{2908EBE1-1036-4468-83EF-7CD8DDACAE6C}.Debug|Any CPU.ActiveCfg = Debug|Any CPU
		{2908EBE1-1036-4468-83EF-7CD8DDACAE6C}.Debug|Any CPU.Build.0 = Debug|Any CPU
		{2908EBE1-1036-4468-83EF-7CD8DDACAE6C}.Debug|x64.ActiveCfg = Debug|Any CPU
		{2908EBE1-1036-4468-83EF-7CD8DDACAE6C}.Debug|x64.Build.0 = Debug|Any CPU
		{2908EBE1-1036-4468-83EF-7CD8DDACAE6C}.Release|Any CPU.ActiveCfg = Release|Any CPU
		{2908EBE1-1036-4468-83EF-7CD8DDACAE6C}.Release|Any CPU.Build.0 = Release|Any CPU
		{2908EBE1-1036-4468-83EF-7CD8DDACAE6C}.Release|x64.ActiveCfg = Release|Any CPU
		{2908EBE1-1036-4468-83EF-7CD8DDACAE6C}.Release|x64.Build.0 = Release|Any CPU
		{B89834E0-DF1C-4812-A721-4FD87B01475C}.Debug|Any CPU.ActiveCfg = Debug|Any CPU
		{B89834E0-DF1C-4812-A721-4FD87B01475C}.Debug|Any CPU.Build.0 = Debug|Any CPU
		{B89834E0-DF1C-4812-A721-4FD87B01475C}.Debug|x64.ActiveCfg = Debug|Any CPU
		{B89834E0-DF1C-4812-A721-4FD87B01475C}.Debug|x64.Build.0 = Debug|Any CPU
		{B89834E0-DF1C-4812-A721-4FD87B01475C}.Release|Any CPU.ActiveCfg = Release|Any CPU
		{B89834E0-DF1C-4812-A721-4FD87B01475C}.Release|Any CPU.Build.0 = Release|Any CPU
		{B89834E0-DF1C-4812-A721-4FD87B01475C}.Release|x64.ActiveCfg = Release|Any CPU
		{B89834E0-DF1C-4812-A721-4FD87B01475C}.Release|x64.Build.0 = Release|Any CPU
		{6ACA8EBB-6C8A-401E-B53E-B139AFA083B4}.Debug|Any CPU.ActiveCfg = Debug|Any CPU
		{6ACA8EBB-6C8A-401E-B53E-B139AFA083B4}.Debug|Any CPU.Build.0 = Debug|Any CPU
		{6ACA8EBB-6C8A-401E-B53E-B139AFA083B4}.Debug|x64.ActiveCfg = Debug|Any CPU
		{6ACA8EBB-6C8A-401E-B53E-B139AFA083B4}.Debug|x64.Build.0 = Debug|Any CPU
		{6ACA8EBB-6C8A-401E-B53E-B139AFA083B4}.Release|Any CPU.ActiveCfg = Release|Any CPU
		{6ACA8EBB-6C8A-401E-B53E-B139AFA083B4}.Release|Any CPU.Build.0 = Release|Any CPU
		{6ACA8EBB-6C8A-401E-B53E-B139AFA083B4}.Release|x64.ActiveCfg = Release|Any CPU
		{6ACA8EBB-6C8A-401E-B53E-B139AFA083B4}.Release|x64.Build.0 = Release|Any CPU
		{3653B4AA-3B42-4ADC-8483-B1D6C66020F2}.Debug|Any CPU.ActiveCfg = Debug|Any CPU
		{3653B4AA-3B42-4ADC-8483-B1D6C66020F2}.Debug|Any CPU.Build.0 = Debug|Any CPU
		{3653B4AA-3B42-4ADC-8483-B1D6C66020F2}.Debug|x64.ActiveCfg = Debug|Any CPU
		{3653B4AA-3B42-4ADC-8483-B1D6C66020F2}.Debug|x64.Build.0 = Debug|Any CPU
		{3653B4AA-3B42-4ADC-8483-B1D6C66020F2}.Release|Any CPU.ActiveCfg = Release|Any CPU
		{3653B4AA-3B42-4ADC-8483-B1D6C66020F2}.Release|Any CPU.Build.0 = Release|Any CPU
		{3653B4AA-3B42-4ADC-8483-B1D6C66020F2}.Release|x64.ActiveCfg = Release|Any CPU
		{3653B4AA-3B42-4ADC-8483-B1D6C66020F2}.Release|x64.Build.0 = Release|Any CPU
		{89627166-7740-4FDB-A20A-A0D87DBFAB1B}.Debug|Any CPU.ActiveCfg = Debug|Any CPU
		{89627166-7740-4FDB-A20A-A0D87DBFAB1B}.Debug|Any CPU.Build.0 = Debug|Any CPU
		{89627166-7740-4FDB-A20A-A0D87DBFAB1B}.Debug|x64.ActiveCfg = Debug|Any CPU
		{89627166-7740-4FDB-A20A-A0D87DBFAB1B}.Debug|x64.Build.0 = Debug|Any CPU
		{89627166-7740-4FDB-A20A-A0D87DBFAB1B}.Release|Any CPU.ActiveCfg = Release|Any CPU
		{89627166-7740-4FDB-A20A-A0D87DBFAB1B}.Release|Any CPU.Build.0 = Release|Any CPU
		{89627166-7740-4FDB-A20A-A0D87DBFAB1B}.Release|x64.ActiveCfg = Release|Any CPU
		{89627166-7740-4FDB-A20A-A0D87DBFAB1B}.Release|x64.Build.0 = Release|Any CPU
		{93A40109-DBD8-49DE-B862-12A1F2DDD215}.Debug|Any CPU.ActiveCfg = Debug|Any CPU
		{93A40109-DBD8-49DE-B862-12A1F2DDD215}.Debug|Any CPU.Build.0 = Debug|Any CPU
		{93A40109-DBD8-49DE-B862-12A1F2DDD215}.Debug|x64.ActiveCfg = Debug|Any CPU
		{93A40109-DBD8-49DE-B862-12A1F2DDD215}.Debug|x64.Build.0 = Debug|Any CPU
		{93A40109-DBD8-49DE-B862-12A1F2DDD215}.Release|Any CPU.ActiveCfg = Release|Any CPU
		{93A40109-DBD8-49DE-B862-12A1F2DDD215}.Release|Any CPU.Build.0 = Release|Any CPU
		{93A40109-DBD8-49DE-B862-12A1F2DDD215}.Release|x64.ActiveCfg = Release|Any CPU
		{93A40109-DBD8-49DE-B862-12A1F2DDD215}.Release|x64.Build.0 = Release|Any CPU
		{B17FEC79-5516-4ACB-9872-F05EBB5A435F}.Debug|Any CPU.ActiveCfg = Debug|Any CPU
		{B17FEC79-5516-4ACB-9872-F05EBB5A435F}.Debug|Any CPU.Build.0 = Debug|Any CPU
		{B17FEC79-5516-4ACB-9872-F05EBB5A435F}.Debug|x64.ActiveCfg = Debug|Any CPU
		{B17FEC79-5516-4ACB-9872-F05EBB5A435F}.Debug|x64.Build.0 = Debug|Any CPU
		{B17FEC79-5516-4ACB-9872-F05EBB5A435F}.Release|Any CPU.ActiveCfg = Release|Any CPU
		{B17FEC79-5516-4ACB-9872-F05EBB5A435F}.Release|Any CPU.Build.0 = Release|Any CPU
		{B17FEC79-5516-4ACB-9872-F05EBB5A435F}.Release|x64.ActiveCfg = Release|Any CPU
		{B17FEC79-5516-4ACB-9872-F05EBB5A435F}.Release|x64.Build.0 = Release|Any CPU
		{9AB5ED55-C129-4552-9CED-5D7BB567607C}.Debug|Any CPU.ActiveCfg = Debug|Any CPU
		{9AB5ED55-C129-4552-9CED-5D7BB567607C}.Debug|Any CPU.Build.0 = Debug|Any CPU
		{9AB5ED55-C129-4552-9CED-5D7BB567607C}.Debug|x64.ActiveCfg = Debug|Any CPU
		{9AB5ED55-C129-4552-9CED-5D7BB567607C}.Debug|x64.Build.0 = Debug|Any CPU
		{9AB5ED55-C129-4552-9CED-5D7BB567607C}.Release|Any CPU.ActiveCfg = Release|Any CPU
		{9AB5ED55-C129-4552-9CED-5D7BB567607C}.Release|Any CPU.Build.0 = Release|Any CPU
		{9AB5ED55-C129-4552-9CED-5D7BB567607C}.Release|x64.ActiveCfg = Release|Any CPU
		{9AB5ED55-C129-4552-9CED-5D7BB567607C}.Release|x64.Build.0 = Release|Any CPU
		{4BD2E1FF-C1D8-4234-8A60-7905B7A6B2A6}.Debug|Any CPU.ActiveCfg = Debug|Any CPU
		{4BD2E1FF-C1D8-4234-8A60-7905B7A6B2A6}.Debug|Any CPU.Build.0 = Debug|Any CPU
		{4BD2E1FF-C1D8-4234-8A60-7905B7A6B2A6}.Debug|x64.ActiveCfg = Debug|Any CPU
		{4BD2E1FF-C1D8-4234-8A60-7905B7A6B2A6}.Debug|x64.Build.0 = Debug|Any CPU
		{4BD2E1FF-C1D8-4234-8A60-7905B7A6B2A6}.Release|Any CPU.ActiveCfg = Release|Any CPU
		{4BD2E1FF-C1D8-4234-8A60-7905B7A6B2A6}.Release|Any CPU.Build.0 = Release|Any CPU
		{4BD2E1FF-C1D8-4234-8A60-7905B7A6B2A6}.Release|x64.ActiveCfg = Release|Any CPU
		{4BD2E1FF-C1D8-4234-8A60-7905B7A6B2A6}.Release|x64.Build.0 = Release|Any CPU
	EndGlobalSection
	GlobalSection(SolutionProperties) = preSolution
		HideSolutionNode = FALSE
	EndGlobalSection
	GlobalSection(NestedProjects) = preSolution
		{004A1E98-0D1D-4034-9769-1411835E3DDF} = {D0D1C930-8E36-4F86-996F-97DB65799F94}
		{74D3EDD2-4F17-4527-A23D-54A6E15CAFFD} = {D0D1C930-8E36-4F86-996F-97DB65799F94}
		{878111AA-9E7A-4E89-BBF4-7EB800F68E28} = {D0D1C930-8E36-4F86-996F-97DB65799F94}
		{96A6CFF5-9563-4664-89FD-FAD9BC7A2722} = {FF019B49-E739-4AA5-BC6F-8E8457103687}
		{DB4E42B8-6139-49B9-90D9-8ED4B7896631} = {96A6CFF5-9563-4664-89FD-FAD9BC7A2722}
		{46B51A55-5B5C-492B-A1A8-E0C6D818DC9A} = {96A6CFF5-9563-4664-89FD-FAD9BC7A2722}
		{D16ED7D2-6CF7-4BA6-930A-35FCC71A7AEB} = {FF019B49-E739-4AA5-BC6F-8E8457103687}
		{CA2B2A2D-6EC8-44E3-A1B1-C2BFF4E34242} = {FF019B49-E739-4AA5-BC6F-8E8457103687}
		{D284542E-D76D-4B95-A13A-B3AE7D001F6E} = {FF019B49-E739-4AA5-BC6F-8E8457103687}
		{4B5465DF-176F-488C-AE26-B8DB9A614B24} = {FF019B49-E739-4AA5-BC6F-8E8457103687}
		{452943F8-4260-411E-988E-C533CF14016C} = {4B5465DF-176F-488C-AE26-B8DB9A614B24}
		{2908EBE1-1036-4468-83EF-7CD8DDACAE6C} = {4B5465DF-176F-488C-AE26-B8DB9A614B24}
		{B89834E0-DF1C-4812-A721-4FD87B01475C} = {D16ED7D2-6CF7-4BA6-930A-35FCC71A7AEB}
		{6ACA8EBB-6C8A-401E-B53E-B139AFA083B4} = {D284542E-D76D-4B95-A13A-B3AE7D001F6E}
		{3653B4AA-3B42-4ADC-8483-B1D6C66020F2} = {CA2B2A2D-6EC8-44E3-A1B1-C2BFF4E34242}
		{89627166-7740-4FDB-A20A-A0D87DBFAB1B} = {4B5465DF-176F-488C-AE26-B8DB9A614B24}
		{93A40109-DBD8-49DE-B862-12A1F2DDD215} = {C729090B-F93C-423A-8C5B-B1BC913E1A8D}
		{B17FEC79-5516-4ACB-9872-F05EBB5A435F} = {D284542E-D76D-4B95-A13A-B3AE7D001F6E}
		{9AB5ED55-C129-4552-9CED-5D7BB567607C} = {CA2B2A2D-6EC8-44E3-A1B1-C2BFF4E34242}
		{4BD2E1FF-C1D8-4234-8A60-7905B7A6B2A6} = {D16ED7D2-6CF7-4BA6-930A-35FCC71A7AEB}
	EndGlobalSection
	GlobalSection(ExtensibilityGlobals) = postSolution
		SolutionGuid = {3266F3B8-34E6-4BD8-A2EB-4319F8A1D927}
	EndGlobalSection
EndGlobal
